
Microsoft Visual Studio Solution File, Format Version 12.00
# Visual Studio 15
VisualStudioVersion = 15.0.28307.572
MinimumVisualStudioVersion = 10.0.40219.1
Project("{9A19103F-16F7-4668-BE54-9A1E7A4F7556}") = "DatingApp.API", "DatingApp.API\DatingApp.API.csproj", "{FEBA172E-A84E-418C-8A95-9CDBF5A1DEBF}"
EndProject
Global
	GlobalSection(SolutionConfigurationPlatforms) = preSolution
		Debug|Any CPU = Debug|Any CPU
		Release|Any CPU = Release|Any CPU
	EndGlobalSection
	GlobalSection(ProjectConfigurationPlatforms) = postSolution
		{FEBA172E-A84E-418C-8A95-9CDBF5A1DEBF}.Debug|Any CPU.ActiveCfg = Debug|Any CPU
		{FEBA172E-A84E-418C-8A95-9CDBF5A1DEBF}.Debug|Any CPU.Build.0 = Debug|Any CPU
		{FEBA172E-A84E-418C-8A95-9CDBF5A1DEBF}.Release|Any CPU.ActiveCfg = Release|Any CPU
		{FEBA172E-A84E-418C-8A95-9CDBF5A1DEBF}.Release|Any CPU.Build.0 = Release|Any CPU
	EndGlobalSection
	GlobalSection(SolutionProperties) = preSolution
		HideSolutionNode = FALSE
	EndGlobalSection
	GlobalSection(ExtensibilityGlobals) = postSolution
		SolutionGuid = {80259178-148A-4FFD-B262-A17171220E37}
	EndGlobalSection
EndGlobal
